{
  "name": "robinbot",
  "version": "0.0.1",
  "lockfileVersion": 1,
  "requires": true,
  "dependencies": {
    "ajv": {
      "version": "5.5.2",
      "resolved": "https://registry.npmjs.org/ajv/-/ajv-5.5.2.tgz",
      "integrity": "sha1-c7Xuyj+rZT49P5Qis0GtQiBdyWU=",
      "requires": {
        "co": "4.6.0",
        "fast-deep-equal": "1.0.0",
        "fast-json-stable-stringify": "2.0.0",
        "json-schema-traverse": "0.3.1"
      }
    },
    "asap": {
      "version": "2.0.6",
      "resolved": "https://registry.npmjs.org/asap/-/asap-2.0.6.tgz",
      "integrity": "sha1-5QNHYR1+aQlDIIu9r+vLwvuGbUY="
    },
    "asn1": {
      "version": "0.2.3",
      "resolved": "https://registry.npmjs.org/asn1/-/asn1-0.2.3.tgz",
      "integrity": "sha1-2sh4dxPJlmhJ/IGAd36+nB3fO4Y="
    },
    "assert-plus": {
      "version": "1.0.0",
      "resolved": "https://registry.npmjs.org/assert-plus/-/assert-plus-1.0.0.tgz",
      "integrity": "sha1-8S4PPF13sLHN2RRpQuTpbB5N1SU="
    },
    "asynckit": {
      "version": "0.4.0",
      "resolved": "https://registry.npmjs.org/asynckit/-/asynckit-0.4.0.tgz",
      "integrity": "sha1-x57Zf380y48robyXkLzDZkdLS3k="
    },
    "aws-sign2": {
      "version": "0.7.0",
      "resolved": "https://registry.npmjs.org/aws-sign2/-/aws-sign2-0.7.0.tgz",
      "integrity": "sha1-tG6JCTSpWR8tL2+G1+ap8bP+dqg="
    },
    "aws4": {
      "version": "1.6.0",
      "resolved": "https://registry.npmjs.org/aws4/-/aws4-1.6.0.tgz",
      "integrity": "sha1-g+9cqGCysy5KDe7e6MdxudtXRx4="
    },
    "bcrypt-pbkdf": {
      "version": "1.0.1",
      "resolved": "https://registry.npmjs.org/bcrypt-pbkdf/-/bcrypt-pbkdf-1.0.1.tgz",
      "integrity": "sha1-Y7xdy2EzG5K8Bf1SiVPDNGKgb40=",
      "optional": true,
      "requires": {
        "tweetnacl": "0.14.5"
      }
    },
    "boom": {
      "version": "4.3.1",
      "resolved": "https://registry.npmjs.org/boom/-/boom-4.3.1.tgz",
      "integrity": "sha1-T4owBctKfjiJ90kDD9JbluAdLjE=",
      "requires": {
        "hoek": "4.2.1"
      }
    },
    "caseless": {
      "version": "0.12.0",
      "resolved": "https://registry.npmjs.org/caseless/-/caseless-0.12.0.tgz",
      "integrity": "sha1-G2gcIf+EAzyCZUMJBolCDRhxUdw="
    },
    "clone": {
      "version": "1.0.3",
      "resolved": "https://registry.npmjs.org/clone/-/clone-1.0.3.tgz",
      "integrity": "sha1-KY1+IjFmD0DAA8LtMUDezz9TCF8="
    },
    "co": {
      "version": "4.6.0",
      "resolved": "https://registry.npmjs.org/co/-/co-4.6.0.tgz",
      "integrity": "sha1-bqa989hTrlTMuOR7+gvz+QMfsYQ="
    },
    "colors": {
      "version": "1.1.2",
      "resolved": "https://registry.npmjs.org/colors/-/colors-1.1.2.tgz",
      "integrity": "sha1-FopHAXVran9RoSzgyXv6KMCE7WM="
    },
    "combined-stream": {
      "version": "1.0.6",
      "resolved": "https://registry.npmjs.org/combined-stream/-/combined-stream-1.0.6.tgz",
      "integrity": "sha1-cj599ugBrFYTETp+RFqbactjKBg=",
      "requires": {
        "delayed-stream": "1.0.0"
      }
    },
    "core-util-is": {
      "version": "1.0.2",
      "resolved": "https://registry.npmjs.org/core-util-is/-/core-util-is-1.0.2.tgz",
      "integrity": "sha1-tf1UIgqivFq1eqtxQMlAdUUDwac="
    },
    "cryptiles": {
      "version": "3.1.2",
      "resolved": "https://registry.npmjs.org/cryptiles/-/cryptiles-3.1.2.tgz",
      "integrity": "sha1-qJ+7Ig9c4l7FboxKqKT9e1sNKf4=",
      "requires": {
        "boom": "5.2.0"
      },
      "dependencies": {
        "boom": {
          "version": "5.2.0",
          "resolved": "https://registry.npmjs.org/boom/-/boom-5.2.0.tgz",
          "integrity": "sha512-Z5BTk6ZRe4tXXQlkqftmsAUANpXmuwlsF5Oov8ThoMbQRzdGTA1ngYRW160GexgOgjsFOKJz0LYhoNi+2AMBUw==",
          "requires": {
            "hoek": "4.2.1"
          }
        }
      }
    },
    "dashdash": {
      "version": "1.14.1",
      "resolved": "https://registry.npmjs.org/dashdash/-/dashdash-1.14.1.tgz",
      "integrity": "sha1-hTz6D3y+L+1d4gMmuN1YEDX24vA=",
      "requires": {
        "assert-plus": "1.0.0"
      }
    },
    "defaults": {
      "version": "1.0.3",
      "resolved": "https://registry.npmjs.org/defaults/-/defaults-1.0.3.tgz",
      "integrity": "sha1-xlYFHpgX2f8I7YgUd/P+QBnz730=",
      "requires": {
        "clone": "1.0.3"
      }
    },
    "delayed-stream": {
      "version": "1.0.0",
      "resolved": "https://registry.npmjs.org/delayed-stream/-/delayed-stream-1.0.0.tgz",
      "integrity": "sha1-3zrhmayt+31ECqrgsp4icrJOxhk="
    },
    "ecc-jsbn": {
      "version": "0.1.1",
      "resolved": "https://registry.npmjs.org/ecc-jsbn/-/ecc-jsbn-0.1.1.tgz",
      "integrity": "sha1-D8c6ntXw1Tw4GTOYUj735UN3dQU=",
      "optional": true,
      "requires": {
        "jsbn": "0.1.1"
      }
    },
    "extend": {
      "version": "3.0.1",
      "resolved": "https://registry.npmjs.org/extend/-/extend-3.0.1.tgz",
      "integrity": "sha1-p1Xqe8Gt/MWjHOfnYtuq3F5jZEQ="
    },
    "extsprintf": {
      "version": "1.3.0",
      "resolved": "https://registry.npmjs.org/extsprintf/-/extsprintf-1.3.0.tgz",
      "integrity": "sha1-lpGEQOMEGnpBT4xS48V06zw+HgU="
    },
    "fast-deep-equal": {
      "version": "1.0.0",
      "resolved": "https://registry.npmjs.org/fast-deep-equal/-/fast-deep-equal-1.0.0.tgz",
      "integrity": "sha1-liVqO8l1WV6zbYLpkp0GDYk0Of8="
    },
    "fast-json-stable-stringify": {
      "version": "2.0.0",
      "resolved": "https://registry.npmjs.org/fast-json-stable-stringify/-/fast-json-stable-stringify-2.0.0.tgz",
      "integrity": "sha1-1RQsDK7msRifh9OnYREGT4bIu/I="
    },
    "forever-agent": {
      "version": "0.6.1",
      "resolved": "https://registry.npmjs.org/forever-agent/-/forever-agent-0.6.1.tgz",
      "integrity": "sha1-+8cfDEGt6zf5bFd60e1C2P2sypE="
    },
    "form-data": {
      "version": "2.3.2",
      "resolved": "https://registry.npmjs.org/form-data/-/form-data-2.3.2.tgz",
      "integrity": "sha1-SXBJi+YEwgwAXU9cI67NIda0kJk=",
      "requires": {
        "asynckit": "0.4.0",
        "combined-stream": "1.0.6",
        "mime-types": "2.1.18"
      }
    },
    "getpass": {
      "version": "0.1.7",
      "resolved": "https://registry.npmjs.org/getpass/-/getpass-0.1.7.tgz",
      "integrity": "sha1-Xv+OPmhNVprkyysSgmBOi6YhSfo=",
      "requires": {
        "assert-plus": "1.0.0"
      }
    },
    "har-schema": {
      "version": "2.0.0",
      "resolved": "https://registry.npmjs.org/har-schema/-/har-schema-2.0.0.tgz",
      "integrity": "sha1-qUwiJOvKwEeCoNkDVSHyRzW37JI="
    },
    "har-validator": {
      "version": "5.0.3",
      "resolved": "https://registry.npmjs.org/har-validator/-/har-validator-5.0.3.tgz",
      "integrity": "sha1-ukAsJmGU8VlW7xXg/PJCmT9qff0=",
      "requires": {
        "ajv": "5.5.2",
        "har-schema": "2.0.0"
      }
    },
    "hawk": {
      "version": "6.0.2",
      "resolved": "https://registry.npmjs.org/hawk/-/hawk-6.0.2.tgz",
      "integrity": "sha512-miowhl2+U7Qle4vdLqDdPt9m09K6yZhkLDTWGoUiUzrQCn+mHHSmfJgAyGaLRZbPmTqfFFjRV1QWCW0VWUJBbQ==",
      "requires": {
        "boom": "4.3.1",
        "cryptiles": "3.1.2",
        "hoek": "4.2.1",
        "sntp": "2.1.0"
      }
    },
    "hoek": {
      "version": "4.2.1",
      "resolved": "https://registry.npmjs.org/hoek/-/hoek-4.2.1.tgz",
      "integrity": "sha512-QLg82fGkfnJ/4iy1xZ81/9SIJiq1NGFUMGs6ParyjBZr6jW2Ufj/snDqTHixNlHdPNwN2RLVD0Pi3igeK9+JfA=="
    },
    "http-signature": {
      "version": "1.2.0",
      "resolved": "https://registry.npmjs.org/http-signature/-/http-signature-1.2.0.tgz",
      "integrity": "sha1-muzZJRFHcvPZW2WmCruPfBj7rOE=",
      "requires": {
        "assert-plus": "1.0.0",
        "jsprim": "1.4.1",
        "sshpk": "1.13.1"
      }
    },
    "is-typedarray": {
      "version": "1.0.0",
      "resolved": "https://registry.npmjs.org/is-typedarray/-/is-typedarray-1.0.0.tgz",
      "integrity": "sha1-5HnICFjfDBsR3dppQPlgEfzaSpo="
    },
    "isstream": {
      "version": "0.1.2",
      "resolved": "https://registry.npmjs.org/isstream/-/isstream-0.1.2.tgz",
      "integrity": "sha1-R+Y/evVa+m+S4VAOaQ64uFKcCZo="
    },
    "jsbn": {
      "version": "0.1.1",
      "resolved": "https://registry.npmjs.org/jsbn/-/jsbn-0.1.1.tgz",
      "integrity": "sha1-peZUwuWi3rXyAdls77yoDA7y9RM=",
      "optional": true
    },
    "json-schema": {
      "version": "0.2.3",
      "resolved": "https://registry.npmjs.org/json-schema/-/json-schema-0.2.3.tgz",
      "integrity": "sha1-tIDIkuWaLwWVTOcnvT8qTogvnhM="
    },
    "json-schema-traverse": {
      "version": "0.3.1",
      "resolved": "https://registry.npmjs.org/json-schema-traverse/-/json-schema-traverse-0.3.1.tgz",
      "integrity": "sha1-NJptRMU6Ud6JtAgFxdXlm0F9M0A="
    },
    "json-stringify-safe": {
      "version": "5.0.1",
      "resolved": "https://registry.npmjs.org/json-stringify-safe/-/json-stringify-safe-5.0.1.tgz",
      "integrity": "sha1-Epai1Y/UXxmg9s4B1lcB4sc1tus="
    },
    "jsprim": {
      "version": "1.4.1",
      "resolved": "https://registry.npmjs.org/jsprim/-/jsprim-1.4.1.tgz",
      "integrity": "sha1-MT5mvB5cwG5Di8G3SZwuXFastqI=",
      "requires": {
        "assert-plus": "1.0.0",
        "extsprintf": "1.3.0",
        "json-schema": "0.2.3",
        "verror": "1.10.0"
      }
    },
    "lodash": {
      "version": "4.17.5",
      "resolved": "https://registry.npmjs.org/lodash/-/lodash-4.17.5.tgz",
      "integrity": "sha512-svL3uiZf1RwhH+cWrfZn3A4+U58wbP0tGVTLQPbjplZxZ8ROD9VLuNgsRniTlLe7OlSqR79RUehXgpBW/s0IQw=="
    },
    "mime-db": {
      "version": "1.33.0",
      "resolved": "https://registry.npmjs.org/mime-db/-/mime-db-1.33.0.tgz",
      "integrity": "sha512-BHJ/EKruNIqJf/QahvxwQZXKygOQ256myeN/Ew+THcAa5q+PjyTTMMeNQC4DZw5AwfvelsUrA6B67NKMqXDbzQ=="
    },
    "mime-types": {
      "version": "2.1.18",
      "resolved": "https://registry.npmjs.org/mime-types/-/mime-types-2.1.18.tgz",
      "integrity": "sha512-lc/aahn+t4/SWV/qcmumYjymLsWfN3ELhpmVuUFjgsORruuZPVSwAQryq+HHGvO/SI2KVX26bx+En+zhM8g8hQ==",
      "requires": {
        "mime-db": "1.33.0"
      }
    },
    "node-getopt": {
      "version": "0.2.3",
      "resolved": "https://registry.npmjs.org/node-getopt/-/node-getopt-0.2.3.tgz",
      "integrity": "sha1-aau8flQAYA0drPANuMt5tUh+kks="
    },
    "numbro": {
      "version": "1.11.1",
      "resolved": "https://registry.npmjs.org/numbro/-/numbro-1.11.1.tgz",
      "integrity": "sha512-qL0Etqbunz4RtPx4bNjMONe9HyUpgbrM4Sa3VpWY5oRdp9ry5DufAj6lCvnIcluRBA9QUacrllYc73QK0G6VAw=="
    },
    "oauth-sign": {
      "version": "0.8.2",
      "resolved": "https://registry.npmjs.org/oauth-sign/-/oauth-sign-0.8.2.tgz",
      "integrity": "sha1-Rqarfwrq2N6unsBWV4C31O/rnUM="
    },
    "object-assign": {
      "version": "4.1.1",
      "resolved": "https://registry.npmjs.org/object-assign/-/object-assign-4.1.1.tgz",
      "integrity": "sha1-IQmtx5ZYh8/AXLvUQsrIv7s2CGM="
    },
    "pad": {
      "version": "2.0.3",
      "resolved": "https://registry.npmjs.org/pad/-/pad-2.0.3.tgz",
      "integrity": "sha512-YVlBmpDQilhUl69RY/0Ku9Il0sNPLgVOVePhCJUfN8qDZKrq1zIY+ZwtCLtaWFtJzuJswwAcZHxf4a5RliV2pQ==",
      "requires": {
        "wcwidth": "1.0.1"
      }
    },
    "performance-now": {
      "version": "2.1.0",
      "resolved": "https://registry.npmjs.org/performance-now/-/performance-now-2.1.0.tgz",
      "integrity": "sha1-Ywn04OX6kT7BxpMHrjZLSzd8nns="
    },
    "promise": {
      "version": "7.3.1",
      "resolved": "https://registry.npmjs.org/promise/-/promise-7.3.1.tgz",
      "integrity": "sha512-nolQXZ/4L+bP/UGlkfaIujX9BKxGwmQ9OT4mOt5yvy8iK1h3wqTEJCijzGANTCCl9nWjY41juyAn2K3Q1hLLTg==",
      "requires": {
        "asap": "2.0.6"
      }
    },
    "punycode": {
      "version": "1.4.1",
      "resolved": "https://registry.npmjs.org/punycode/-/punycode-1.4.1.tgz",
      "integrity": "sha1-wNWmOycYgArY4esPpSachN1BhF4="
    },
    "qs": {
      "version": "6.5.1",
      "resolved": "https://registry.npmjs.org/qs/-/qs-6.5.1.tgz",
      "integrity": "sha512-eRzhrN1WSINYCDCbrz796z37LOe3m5tmW7RQf6oBntukAG1nmovJvhnwHHRMAfeoItc1m2Hk02WER2aQ/iqs+A=="
    },
    "quandl": {
      "version": "0.0.6",
      "resolved": "https://registry.npmjs.org/quandl/-/quandl-0.0.6.tgz",
      "integrity": "sha1-zCx2NunN7S/vzmvnAu/+oW4cd6A=",
      "requires": {
        "assert": "https://registry.npmjs.org/assert/-/assert-1.1.1.tgz",
        "async": "https://registry.npmjs.org/async/-/async-0.6.2.tgz",
        "lodash": "https://registry.npmjs.org/lodash/-/lodash-2.4.1.tgz",
        "mocha": "https://registry.npmjs.org/mocha/-/mocha-2.2.4.tgz",
        "request": "https://registry.npmjs.org/request/-/request-2.34.0.tgz"
      },
      "dependencies": {
        "assert": {
          "version": "https://registry.npmjs.org/assert/-/assert-1.1.1.tgz",
          "integrity": "sha512-EOEIFMVdvIOQLiwgEt4ZwK7+RcdZtlEnTuJllGVnM6hBqRIhPo03xrNc+JLyoUp0XEiiWqLJoUW2AjasLxzvfw==",
          "requires": {
            "util": "https://registry.npmjs.org/util/-/util-0.10.2.tgz"
          },
          "dependencies": {
            "util": {
              "version": "https://registry.npmjs.org/util/-/util-0.10.2.tgz",
              "integrity": "sha512-wac5plvb+WKNju5nZVhDHtBc2GrCL6J0vUs8WGXCKg3YzWFEwxEfMiFgqzPO8OSUpsAPNgfjFNz5k1F89oB6rw==",
              "requires": {
                "inherits": "https://registry.npmjs.org/inherits/-/inherits-2.0.1.tgz"
              },
              "dependencies": {
                "inherits": {
                  "version": "https://registry.npmjs.org/inherits/-/inherits-2.0.1.tgz",
                  "integrity": "sha512-8nWq2nLTAwd02jTqJExUYFSD/fKq6VH9Y/oG2accc/kdI0V98Bag8d5a4gi3XHz73rDWa2PvTtvcWYquKqSENA=="
                }
              }
            }
          }
        },
        "async": {
          "version": "https://registry.npmjs.org/async/-/async-0.6.2.tgz",
          "integrity": "sha512-fWbn+CMBgn1KOL/UvYdsmH+gMN/fW+lzAoadt4VUFvB/t0pB4aY9RfRCCvhoA58jocHyYm5TGbeuZsPc9i1Cpg=="
        },
        "lodash": {
          "version": "https://registry.npmjs.org/lodash/-/lodash-2.4.1.tgz",
          "integrity": "sha512-qa6QqjA9jJB4AYw+NpD2GI4dzHL6Mv0hL+By6iIul4Ce0C1refrjZJmcGvWdnLUwl4LIPtvzje3UQfGH+nCEsQ=="
        },
        "mocha": {
          "version": "https://registry.npmjs.org/mocha/-/mocha-2.2.4.tgz",
          "integrity": "sha512-UTw4dTNgNcoE5mOHXpdXKhq1g+b/w16/q90JzxVKpIgT809H0H7HRpuhwYYtCDN8gHoHrxeCkyVcZYtfYHurjQ==",
          "requires": {
            "commander": "2.3.0",
            "debug": "https://registry.npmjs.org/debug/-/debug-2.0.0.tgz",
            "diff": "https://registry.npmjs.org/diff/-/diff-1.0.8.tgz",
            "escape-string-regexp": "https://registry.npmjs.org/escape-string-regexp/-/escape-string-regexp-1.0.2.tgz",
            "glob": "https://registry.npmjs.org/glob/-/glob-3.2.3.tgz",
            "growl": "https://registry.npmjs.org/growl/-/growl-1.8.1.tgz",
            "jade": "https://registry.npmjs.org/jade/-/jade-0.26.3.tgz",
            "mkdirp": "https://registry.npmjs.org/mkdirp/-/mkdirp-0.5.0.tgz",
            "supports-color": "https://registry.npmjs.org/supports-color/-/supports-color-1.2.1.tgz"
          },
          "dependencies": {
            "commander": {
              "version": "2.3.0",
              "resolved": "https://registry.npmjs.org/commander/-/commander-2.3.0.tgz",
              "integrity": "sha1-/UMOiJgy7DU7ms0d4hfBHLPu+HM="
            },
            "debug": {
              "version": "https://registry.npmjs.org/debug/-/debug-2.0.0.tgz",
              "integrity": "sha512-jRxFR0Fb657ikmm6IjHY32v/Nqp9Ndcx4LBISXPfpguNaHh5JJnb+x37qalKPTu4fxMFnVBIyEGi72mmvl0BCw==",
              "requires": {
                "ms": "https://registry.npmjs.org/ms/-/ms-0.6.2.tgz"
              },
              "dependencies": {
                "ms": {
                  "version": "https://registry.npmjs.org/ms/-/ms-0.6.2.tgz",
                  "integrity": "sha512-/pc3eh7TWorTtbvXg8je4GvrvEqCfH7PA3P7iW01yL2E53FKixzgMBaQi0NOPbMJqY34cBSvR0tZtmlTkdUG4A=="
                }
              }
            },
            "diff": {
              "version": "https://registry.npmjs.org/diff/-/diff-1.0.8.tgz",
              "integrity": "sha512-1zEb73vemXFpUmfh3fsta4YHz3lwebxXvaWmPbFv9apujQBWDnkrPDLXLQs1gZo4RCWMDsT89r0Pf/z8/02TGA=="
            },
            "escape-string-regexp": {
              "version": "https://registry.npmjs.org/escape-string-regexp/-/escape-string-regexp-1.0.2.tgz",
              "integrity": "sha512-cQpUid7bdTUnFin8S7BnNdOk+/eDqQmKgCANSyd/jAhrKEvxUvr9VQ8XZzXiOtest8NLfk3FSBZzwvemZNQ6Vg=="
            },
            "glob": {
              "version": "https://registry.npmjs.org/glob/-/glob-3.2.3.tgz",
              "integrity": "sha512-WPaLsMHD1lYEqAmIQI6VOJSPwuBdGShDWnj1yUo0vQqEO809R8W3LM9OVU13CnnDhyv/EiNwOtxEW74SmrzS6w==",
              "requires": {
                "graceful-fs": "https://registry.npmjs.org/graceful-fs/-/graceful-fs-2.0.3.tgz",
                "inherits": "https://registry.npmjs.org/inherits/-/inherits-2.0.1.tgz",
                "minimatch": "https://registry.npmjs.org/minimatch/-/minimatch-0.2.14.tgz"
              },
              "dependencies": {
                "graceful-fs": {
                  "version": "https://registry.npmjs.org/graceful-fs/-/graceful-fs-2.0.3.tgz",
                  "integrity": "sha512-hcj/NTUWv+C3MbqrVb9F+aH6lvTwEHJdx2foBxlrVq5h6zE8Bfu4pv4CAAqbDcZrw/9Ak5lsRXlY9Ao8/F0Tuw=="
                },
                "inherits": {
                  "version": "https://registry.npmjs.org/inherits/-/inherits-2.0.1.tgz",
                  "integrity": "sha512-8nWq2nLTAwd02jTqJExUYFSD/fKq6VH9Y/oG2accc/kdI0V98Bag8d5a4gi3XHz73rDWa2PvTtvcWYquKqSENA=="
                },
                "minimatch": {
                  "version": "https://registry.npmjs.org/minimatch/-/minimatch-0.2.14.tgz",
                  "integrity": "sha512-zZ+Jy8lVWlvqqeM8iZB7w7KmQkoJn8djM585z88rywrEbzoqawVa9FR5p2hwD+y74nfuKOjmNvi9gtWJNLqHvA==",
                  "requires": {
                    "lru-cache": "https://registry.npmjs.org/lru-cache/-/lru-cache-2.6.2.tgz",
                    "sigmund": "https://registry.npmjs.org/sigmund/-/sigmund-1.0.0.tgz"
                  },
                  "dependencies": {
                    "lru-cache": {
                      "version": "https://registry.npmjs.org/lru-cache/-/lru-cache-2.6.2.tgz",
                      "integrity": "sha512-bpRrwcmF2FELy0olDACeUheUM6F4vHLWHVXpBhEXoJrG5lPQ4Yr8qYDGKH2A8NVtBb6eKQ4+pU8lBZVv9Bq1lQ=="
                    },
                    "sigmund": {
                      "version": "https://registry.npmjs.org/sigmund/-/sigmund-1.0.0.tgz",
                      "integrity": "sha512-XtrxJ4Bf5nDnScB22U0ft0TpCTLSFpkPAuon323X9mFwYowzWusBbunxOsi2kO6Fb29reHZxPNHgOL/fMNqMoQ=="
                    }
                  }
                }
              }
            },
            "growl": {
              "version": "https://registry.npmjs.org/growl/-/growl-1.8.1.tgz",
              "integrity": "sha512-Hq61svqhXHBTY80KsuLrItJ9A0YP1PSeiS4hhi77NcPQf+F+yagOSkhuhZdND7NfAcpHm495FKUTmRcygzF0OA=="
            },
            "jade": {
              "version": "https://registry.npmjs.org/jade/-/jade-0.26.3.tgz",
              "integrity": "sha512-mkk3vzUHFjzKjpCXeu+IjXeZD+QOTjUUdubgmHtHTDwvAO2ZTkMTTVrapts5CWz3JvJryh/4KWZpjeZrCepZ3A==",
              "requires": {
                "commander": "https://registry.npmjs.org/commander/-/commander-0.6.1.tgz",
                "mkdirp": "https://registry.npmjs.org/mkdirp/-/mkdirp-0.3.0.tgz"
              },
              "dependencies": {
                "commander": {
                  "version": "https://registry.npmjs.org/commander/-/commander-0.6.1.tgz",
                  "integrity": "sha512-0fLycpl1UMTGX257hRsu/arL/cUbcvQM4zMKwvLvzXtfdezIV4yotPS2dYtknF+NmEfWSoCEF6+hj9XLm/6hEw=="
                },
                "mkdirp": {
                  "version": "https://registry.npmjs.org/mkdirp/-/mkdirp-0.3.0.tgz",
                  "integrity": "sha512-OHsdUcVAQ6pOtg5JYWpCBo9W/GySVuwvP9hueRMW7UqshC0tbfzLv8wjySTPm3tfUZ/21CE9E1pJagOA91Pxew=="
                }
              }
            },
            "mkdirp": {
              "version": "https://registry.npmjs.org/mkdirp/-/mkdirp-0.5.0.tgz",
              "integrity": "sha512-xjjNGy+ry1lhtIKcr2PT6ok3aszhQfgrUDp4OZLHacgRgFmF6XR9XCOJVcXlVGQonIqXcK1DvqgKKQOPWYGSfw==",
              "requires": {
                "minimist": "https://registry.npmjs.org/minimist/-/minimist-0.0.8.tgz"
              },
              "dependencies": {
                "minimist": {
                  "version": "https://registry.npmjs.org/minimist/-/minimist-0.0.8.tgz",
                  "integrity": "sha512-miQKw5Hv4NS1Psg2517mV4e4dYNaO3++hjAvLOAzKqZ61rH8NS1SK+vbfBWZ5PY/Me/bEWhUwqMghEW5Fb9T7Q=="
                }
              }
            },
            "supports-color": {
              "version": "https://registry.npmjs.org/supports-color/-/supports-color-1.2.1.tgz",
              "integrity": "sha512-MNpF4lwJXGrsw6ZnDWZKDAtUqjJXR9QmFshDsbWzLimdzVRuxT3dWxPXnPYRSXnncQsIGTyZGNPDKQ8R8dNYcg=="
            }
          }
        },
        "request": {
          "version": "https://registry.npmjs.org/request/-/request-2.34.0.tgz",
          "integrity": "sha512-mD5mNhfkeaKMg5ZY/hZFbW4lyC/NTn34/ILGQr/XLSuxYOE6vJfL0MTPPXZcZrdt+Nh1Kce+f4B4KbGThIETxQ==",
          "requires": {
            "aws-sign2": "https://registry.npmjs.org/aws-sign2/-/aws-sign2-0.5.0.tgz",
            "forever-agent": "https://registry.npmjs.org/forever-agent/-/forever-agent-0.5.2.tgz",
            "form-data": "https://registry.npmjs.org/form-data/-/form-data-0.1.2.tgz",
            "hawk": "https://registry.npmjs.org/hawk/-/hawk-1.0.0.tgz",
            "http-signature": "https://registry.npmjs.org/http-signature/-/http-signature-0.10.0.tgz",
            "json-stringify-safe": "https://registry.npmjs.org/json-stringify-safe/-/json-stringify-safe-5.0.0.tgz",
            "mime": "https://registry.npmjs.org/mime/-/mime-1.2.11.tgz",
            "node-uuid": "https://registry.npmjs.org/node-uuid/-/node-uuid-1.4.1.tgz",
            "oauth-sign": "https://registry.npmjs.org/oauth-sign/-/oauth-sign-0.3.0.tgz",
            "qs": "https://registry.npmjs.org/qs/-/qs-0.6.6.tgz",
            "tough-cookie": "https://registry.npmjs.org/tough-cookie/-/tough-cookie-0.12.1.tgz",
            "tunnel-agent": "https://registry.npmjs.org/tunnel-agent/-/tunnel-agent-0.3.0.tgz"
          },
          "dependencies": {
            "aws-sign2": {
              "version": "https://registry.npmjs.org/aws-sign2/-/aws-sign2-0.5.0.tgz",
              "integrity": "sha512-oqUX0DM5j7aPWPCnpWebiyNIj2wiNI87ZxnOMoGv0aE4TGlBy2N+5iWc6dQ/NOKZaBD2W6PVz8jtOGkWzSC5EA==",
              "optional": true
            },
            "forever-agent": {
              "version": "https://registry.npmjs.org/forever-agent/-/forever-agent-0.5.2.tgz",
              "integrity": "sha512-PDG5Ef0Dob/JsZUxUltJOhm/Y9mlteAE+46y3M9RBz/Rd3QVENJ75aGRhN56yekTUboaBIkd8KVWX2NjF6+91A=="
            },
            "form-data": {
              "version": "https://registry.npmjs.org/form-data/-/form-data-0.1.2.tgz",
              "integrity": "sha512-ynryYjLcBdZ6Iujum9BMhIRq84ViJBe85+gr5nL+gvRGU4Skti1fUwvggb0pdanQB+ji9IsLGimXUbJq22fuiA==",
              "optional": true,
              "requires": {
                "async": "https://registry.npmjs.org/async/-/async-0.2.10.tgz",
                "combined-stream": "https://registry.npmjs.org/combined-stream/-/combined-stream-0.0.4.tgz",
                "mime": "https://registry.npmjs.org/mime/-/mime-1.2.11.tgz"
              },
              "dependencies": {
                "async": {
                  "version": "https://registry.npmjs.org/async/-/async-0.2.10.tgz",
                  "integrity": "sha512-eAkdoKxU6/LkKDBzLpT+t6Ff5EtfSF4wx1WfJiPEEV7WNLnDaRXk0oVysiEPm262roaachGexwUv94WhSgN5TQ==",
                  "optional": true
                },
                "combined-stream": {
                  "version": "https://registry.npmjs.org/combined-stream/-/combined-stream-0.0.4.tgz",
                  "integrity": "sha512-RVtYNBtwuVyncYQwuTnrsCIfsmsVPnGj1RI8xNeqhmuWFLfNUfaGxGbLWx4N10fNd+MnNVh+SO4f60/7ghV3fg==",
                  "optional": true,
                  "requires": {
                    "delayed-stream": "https://registry.npmjs.org/delayed-stream/-/delayed-stream-0.0.5.tgz"
                  },
                  "dependencies": {
                    "delayed-stream": {
                      "version": "https://registry.npmjs.org/delayed-stream/-/delayed-stream-0.0.5.tgz",
                      "integrity": "sha512-v+7uBd1pqe5YtgPacIIbZ8HuHeLFVNe4mUEyFDXL6KiqzEykjbw+5mXZXpGFgNVasdL4jWKgaKIXrEHiynN1LA==",
                      "optional": true
                    }
                  }
                }
              }
            },
            "hawk": {
              "version": "https://registry.npmjs.org/hawk/-/hawk-1.0.0.tgz",
              "integrity": "sha512-Sg+VzrI7TjUomO0rjD6UXawsj50ykn5sB/xKNW/IenxzRVyw/wt9A2FLzYpGL/r0QG5hyXY8nLx/2m8UutoDcg==",
              "optional": true,
              "requires": {
                "boom": "https://registry.npmjs.org/boom/-/boom-0.4.2.tgz",
                "cryptiles": "https://registry.npmjs.org/cryptiles/-/cryptiles-0.2.2.tgz",
                "hoek": "https://registry.npmjs.org/hoek/-/hoek-0.9.1.tgz",
                "sntp": "https://registry.npmjs.org/sntp/-/sntp-0.2.4.tgz"
              },
              "dependencies": {
                "boom": {
                  "version": "https://registry.npmjs.org/boom/-/boom-0.4.2.tgz",
                  "integrity": "sha512-OvfN8y1oAxxphzkl2SnCS+ztV/uVKTATtgLjWYg/7KwcNyf3rzpHxNQJZCKtsZd4+MteKczhWbSjtEX4bGgU9g==",
                  "requires": {
                    "hoek": "https://registry.npmjs.org/hoek/-/hoek-0.9.1.tgz"
                  }
                },
                "cryptiles": {
                  "version": "https://registry.npmjs.org/cryptiles/-/cryptiles-0.2.2.tgz",
                  "integrity": "sha512-gvWSbgqP+569DdslUiCelxIv3IYK5Lgmq1UrRnk+s1WxQOQ16j3GPDcjdtgL5Au65DU/xQi6q3xPtf5Kta+3IQ==",
                  "optional": true,
                  "requires": {
                    "boom": "https://registry.npmjs.org/boom/-/boom-0.4.2.tgz"
                  }
                },
                "hoek": {
                  "version": "https://registry.npmjs.org/hoek/-/hoek-0.9.1.tgz",
                  "integrity": "sha512-ZZ6eGyzGjyMTmpSPYVECXy9uNfqBR7x5CavhUaLOeD6W0vWK1mp/b7O3f86XE0Mtfo9rZ6Bh3fnuw9Xr8MF9zA=="
                },
                "sntp": {
                  "version": "https://registry.npmjs.org/sntp/-/sntp-0.2.4.tgz",
                  "integrity": "sha512-bDLrKa/ywz65gCl+LmOiIhteP1bhEsAAzhfMedPoiHP3dyYnAevlaJshdqb9Yu0sRifyP/fRqSt8t+5qGIWlGQ==",
                  "optional": true,
                  "requires": {
                    "hoek": "https://registry.npmjs.org/hoek/-/hoek-0.9.1.tgz"
                  }
                }
              }
            },
            "http-signature": {
              "version": "https://registry.npmjs.org/http-signature/-/http-signature-0.10.0.tgz",
              "integrity": "sha512-MGpXPrY5MvC3wo7TlssBdUux245vcMpv31M/afGN2iwSDvjBgr+AKagPnycxQZqqezRZZr5d6rQHaDmwlauMRg==",
              "optional": true,
              "requires": {
                "asn1": "https://registry.npmjs.org/asn1/-/asn1-0.1.11.tgz",
                "assert-plus": "https://registry.npmjs.org/assert-plus/-/assert-plus-0.1.2.tgz",
                "ctype": "https://registry.npmjs.org/ctype/-/ctype-0.5.2.tgz"
              },
              "dependencies": {
                "asn1": {
                  "version": "https://registry.npmjs.org/asn1/-/asn1-0.1.11.tgz",
                  "integrity": "sha512-Fh9zh3G2mZ8qM/kwsiKwL2U2FmXxVsboP4x1mXjnhKHv3SmzaBZoYvxEQJz/YS2gnCgd8xlAVWcZnQyC9qZBsA==",
                  "optional": true
                },
                "assert-plus": {
                  "version": "https://registry.npmjs.org/assert-plus/-/assert-plus-0.1.2.tgz",
                  "integrity": "sha512-BbJV8Hq6grYTokkHi/qKS34kfYIFYpu4wKd/H0dARsa6qOqEFH1wboxMwrccAmFjyRjkemjElaVC/sZSUMxHnA==",
                  "optional": true
                },
                "ctype": {
                  "version": "https://registry.npmjs.org/ctype/-/ctype-0.5.2.tgz",
                  "integrity": "sha512-C+CbWLSk0xdPcp7evo2YEF0o8SLKcDCQsw//accyrf8/NAWYzmUhmL8ZiSokvuwwMQ08RK10U9pkRcyy8EmA5A==",
                  "optional": true
                }
              }
            },
            "json-stringify-safe": {
              "version": "https://registry.npmjs.org/json-stringify-safe/-/json-stringify-safe-5.0.0.tgz",
              "integrity": "sha512-MNUPdXfDS1pgJNcvJ5wzKZZlr5NDEP344o5s3TwSKAjRxKAq93QFriEmZ5BDbYOdTlyRsylFPZ8r2bibRMB/nQ=="
            },
            "mime": {
              "version": "https://registry.npmjs.org/mime/-/mime-1.2.11.tgz",
              "integrity": "sha512-Ysa2F/nqTNGHhhm9MV8ure4+Hc+Y8AWiqUdHxsO7xu8zc92ND9f3kpALHjaP026Ft17UfxrMt95c50PLUeynBw=="
            },
            "node-uuid": {
              "version": "https://registry.npmjs.org/node-uuid/-/node-uuid-1.4.1.tgz",
              "integrity": "sha512-yli1av4CgutKcqitN8ILW9lMxOrsGJFrhy5jlwcY5GLYxC3dsMyvmKJOf2Zy55CK2e99gQfVnht67b6tmAdiDQ=="
            },
            "oauth-sign": {
              "version": "https://registry.npmjs.org/oauth-sign/-/oauth-sign-0.3.0.tgz",
              "integrity": "sha512-Tr31Sh5FnK9YKm7xTUPyDMsNOvMqkVDND0zvK/Wgj7/H9q8mpye0qG2nVzrnsvLhcsX5DtqXD0la0ks6rkPCGQ==",
              "optional": true
            },
            "qs": {
              "version": "https://registry.npmjs.org/qs/-/qs-0.6.6.tgz",
              "integrity": "sha512-kN+yNdAf29Jgp+AYHUmC7X4QdJPR8czuMWLNLc0aRxkQ7tB3vJQEONKKT9ou/rW7EbqVec11srC9q9BiVbcnHA=="
            },
            "tough-cookie": {
              "version": "https://registry.npmjs.org/tough-cookie/-/tough-cookie-0.12.1.tgz",
              "integrity": "sha512-+gd4PklNJsxzu1NoNjhGRfOZZ5llND6VtQZGuaDXdmI0Ii79V5+YCa2sLx8Q6lYhYN2+9frCzUwOLQpuwHvO4Q==",
              "optional": true,
              "requires": {
                "punycode": "https://registry.npmjs.org/punycode/-/punycode-1.2.4.tgz"
              },
              "dependencies": {
                "punycode": {
                  "version": "https://registry.npmjs.org/punycode/-/punycode-1.2.4.tgz",
                  "integrity": "sha512-h/vscxLPvI2l7k/0dFUKZ5I5TgMCJ/Pl+J6rw77PDuQM6UApf/GaRVkjv/YSm2k+fbp7Yw8dxsoe29DolT7h7w==",
                  "optional": true
                }
              }
            },
            "tunnel-agent": {
              "version": "https://registry.npmjs.org/tunnel-agent/-/tunnel-agent-0.3.0.tgz",
              "integrity": "sha512-jlGqHGoKzyyjhwv/c9omAgohntThMcGtw8RV/RDLlkbbc08kni/akVxO62N8HaXMVbVsK1NCnpSK3N2xCt22ww==",
              "optional": true
            }
          }
        }
      }
    },
    "query-string": {
      "version": "4.3.4",
      "resolved": "https://registry.npmjs.org/query-string/-/query-string-4.3.4.tgz",
      "integrity": "sha1-u7aTucqRXCMlFbIosaArYJBD2+s=",
      "requires": {
        "object-assign": "4.1.1",
        "strict-uri-encode": "1.1.0"
      }
    },
    "request": {
      "version": "2.83.0",
      "resolved": "https://registry.npmjs.org/request/-/request-2.83.0.tgz",
      "integrity": "sha512-lR3gD69osqm6EYLk9wB/G1W/laGWjzH90t1vEa2xuxHD5KUrSzp9pUSfTm+YC5Nxt2T8nMPEvKlhbQayU7bgFw==",
      "requires": {
        "aws-sign2": "0.7.0",
        "aws4": "1.6.0",
        "caseless": "0.12.0",
        "combined-stream": "1.0.6",
        "extend": "3.0.1",
        "forever-agent": "0.6.1",
        "form-data": "2.3.2",
        "har-validator": "5.0.3",
        "hawk": "6.0.2",
        "http-signature": "1.2.0",
        "is-typedarray": "1.0.0",
        "isstream": "0.1.2",
        "json-stringify-safe": "5.0.1",
        "mime-types": "2.1.18",
        "oauth-sign": "0.8.2",
        "performance-now": "2.1.0",
        "qs": "6.5.1",
        "safe-buffer": "5.1.1",
        "stringstream": "0.0.5",
        "tough-cookie": "2.3.3",
        "tunnel-agent": "0.6.0",
        "uuid": "3.2.1"
      }
    },
    "robinhood": {
      "version": "git+https://github.com/yura505/robinhood-node.git#c387000529813d4b6ae2f1528f2298ecab7feabe",
      "requires": {
        "lodash": "4.17.5",
        "promise": "7.3.1",
        "query-string": "4.3.4",
        "request": "2.83.0",
        "should": "11.2.1"
      }
    },
    "run-series": {
      "version": "1.1.4",
      "resolved": "https://registry.npmjs.org/run-series/-/run-series-1.1.4.tgz",
      "integrity": "sha1-iac93F51ye+KtjIMChYA1qQRebk="
    },
    "safe-buffer": {
      "version": "5.1.1",
      "resolved": "https://registry.npmjs.org/safe-buffer/-/safe-buffer-5.1.1.tgz",
      "integrity": "sha512-kKvNJn6Mm93gAczWVJg7wH+wGYWNrDHdWvpUmHyEsgCtIwwo3bqPtV4tR5tuPaUhTOo/kvhVwd8XwwOllGYkbg=="
    },
    "should": {
      "version": "11.2.1",
      "resolved": "https://registry.npmjs.org/should/-/should-11.2.1.tgz",
      "integrity": "sha1-kPVRRVUtAc/CAGZuToGKHJZw7aI=",
      "requires": {
        "should-equal": "1.0.1",
        "should-format": "3.0.3",
        "should-type": "1.4.0",
        "should-type-adaptors": "1.1.0",
        "should-util": "1.0.0"
      }
    },
    "should-equal": {
      "version": "1.0.1",
      "resolved": "https://registry.npmjs.org/should-equal/-/should-equal-1.0.1.tgz",
      "integrity": "sha1-C26VFvJgGp+wuy3MNpr6HH4gCvc=",
      "requires": {
        "should-type": "1.4.0"
      }
    },
    "should-format": {
      "version": "3.0.3",
      "resolved": "https://registry.npmjs.org/should-format/-/should-format-3.0.3.tgz",
      "integrity": "sha1-m/yPdPo5IFxT04w01xcwPidxJPE=",
      "requires": {
        "should-type": "1.4.0",
        "should-type-adaptors": "1.1.0"
      }
    },
    "should-type": {
      "version": "1.4.0",
      "resolved": "https://registry.npmjs.org/should-type/-/should-type-1.4.0.tgz",
      "integrity": "sha1-B1bYzoRt/QmEOmlHcZ36DUz/XPM="
    },
    "should-type-adaptors": {
      "version": "1.1.0",
      "resolved": "https://registry.npmjs.org/should-type-adaptors/-/should-type-adaptors-1.1.0.tgz",
      "integrity": "sha512-JA4hdoLnN+kebEp2Vs8eBe9g7uy0zbRo+RMcU0EsNy+R+k049Ki+N5tT5Jagst2g7EAja+euFuoXFCa8vIklfA==",
      "requires": {
        "should-type": "1.4.0",
        "should-util": "1.0.0"
      }
    },
    "should-util": {
      "version": "1.0.0",
      "resolved": "https://registry.npmjs.org/should-util/-/should-util-1.0.0.tgz",
      "integrity": "sha1-yYzaN0qmsZDfi6h8mInCtNtiAGM="
    },
    "sntp": {
      "version": "2.1.0",
      "resolved": "https://registry.npmjs.org/sntp/-/sntp-2.1.0.tgz",
      "integrity": "sha512-FL1b58BDrqS3A11lJ0zEdnJ3UOKqVxawAkF3k7F0CVN7VQ34aZrV+G8BZ1WC9ZL7NyrwsW0oviwsWDgRuVYtJg==",
      "requires": {
        "hoek": "4.2.1"
      }
    },
    "sshpk": {
      "version": "1.13.1",
      "resolved": "https://registry.npmjs.org/sshpk/-/sshpk-1.13.1.tgz",
      "integrity": "sha1-US322mKHFEMW3EwY/hzx2UBzm+M=",
      "requires": {
        "asn1": "0.2.3",
        "assert-plus": "1.0.0",
        "bcrypt-pbkdf": "1.0.1",
        "dashdash": "1.14.1",
        "ecc-jsbn": "0.1.1",
        "getpass": "0.1.7",
        "jsbn": "0.1.1",
        "tweetnacl": "0.14.5"
      }
    },
    "strict-uri-encode": {
      "version": "1.1.0",
      "resolved": "https://registry.npmjs.org/strict-uri-encode/-/strict-uri-encode-1.1.0.tgz",
      "integrity": "sha1-J5siXfHVgrH1TmWt3UNS4Y+qBxM="
    },
    "stringstream": {
      "version": "0.0.5",
      "resolved": "https://registry.npmjs.org/stringstream/-/stringstream-0.0.5.tgz",
      "integrity": "sha1-TkhM1N5aC7vuGORjB3EKioFiGHg="
    },
    "tough-cookie": {
      "version": "2.3.3",
      "resolved": "https://registry.npmjs.org/tough-cookie/-/tough-cookie-2.3.3.tgz",
      "integrity": "sha1-C2GKVWW23qkL80JdBNVe3EdadWE=",
      "requires": {
        "punycode": "1.4.1"
      }
    },
    "tunnel-agent": {
      "version": "0.6.0",
      "resolved": "https://registry.npmjs.org/tunnel-agent/-/tunnel-agent-0.6.0.tgz",
      "integrity": "sha1-J6XeoGs2sEoKmWZ3SykIaPD8QP0=",
      "requires": {
        "safe-buffer": "5.1.1"
      }
    },
    "tweetnacl": {
      "version": "0.14.5",
      "resolved": "https://registry.npmjs.org/tweetnacl/-/tweetnacl-0.14.5.tgz",
      "integrity": "sha1-WuaBd/GS1EViadEIr6k/+HQ/T2Q=",
      "optional": true
    },
    "uuid": {
      "version": "3.2.1",
      "resolved": "https://registry.npmjs.org/uuid/-/uuid-3.2.1.tgz",
      "integrity": "sha512-jZnMwlb9Iku/O3smGWvZhauCf6cvvpKi4BKRiliS3cxnI+Gz9j5MEpTz2UFuXiKPJocb7gnsLHwiS05ige5BEA=="
    },
    "verror": {
      "version": "1.10.0",
      "resolved": "https://registry.npmjs.org/verror/-/verror-1.10.0.tgz",
      "integrity": "sha1-OhBcoXBTr1XW4nDB+CiGguGNpAA=",
      "requires": {
        "assert-plus": "1.0.0",
        "core-util-is": "1.0.2",
        "extsprintf": "1.3.0"
      }
    },
    "wcwidth": {
      "version": "1.0.1",
      "resolved": "https://registry.npmjs.org/wcwidth/-/wcwidth-1.0.1.tgz",
      "integrity": "sha1-8LDc+RW8X/FSivrbLA4XtTLaL+g=",
      "requires": {
        "defaults": "1.0.3"
      }
    }
  }
}
